// !$*UTF8*$!
{
	archiveVersion = 1;
	classes = {
	};
	objectVersion = 48;
	objects = {

/* Begin PBXBuildFile section */
		FFE1B8701F200D35005633DD /* AppDelegate.swift in Sources */ = {isa = PBXBuildFile; fileRef = FFE1B86F1F200D35005633DD /* AppDelegate.swift */; };
		FFE1B8721F200D35005633DD /* RedViewController.swift in Sources */ = {isa = PBXBuildFile; fileRef = FFE1B8711F200D35005633DD /* RedViewController.swift */; };
		FFE1B8751F200D35005633DD /* Main.storyboard in Resources */ = {isa = PBXBuildFile; fileRef = FFE1B8731F200D35005633DD /* Main.storyboard */; };
		FFE1B8771F200D35005633DD /* Assets.xcassets in Resources */ = {isa = PBXBuildFile; fileRef = FFE1B8761F200D35005633DD /* Assets.xcassets */; };
		FFE1B87A1F200D35005633DD /* LaunchScreen.storyboard in Resources */ = {isa = PBXBuildFile; fileRef = FFE1B8781F200D35005633DD /* LaunchScreen.storyboard */; };
		FFE1B8821F2025E4005633DD /* OrangeViewController.swift in Sources */ = {isa = PBXBuildFile; fileRef = FFE1B8811F2025E4005633DD /* OrangeViewController.swift */; };
		FFE1B8841F2025F5005633DD /* YellowViewController.swift in Sources */ = {isa = PBXBuildFile; fileRef = FFE1B8831F2025F5005633DD /* YellowViewController.swift */; };
		FFE1B8861F2025FB005633DD /* GreenViewController.swift in Sources */ = {isa = PBXBuildFile; fileRef = FFE1B8851F2025FB005633DD /* GreenViewController.swift */; };
		FFE1B8881F202602005633DD /* BlueViewController.swift in Sources */ = {isa = PBXBuildFile; fileRef = FFE1B8871F202602005633DD /* BlueViewController.swift */; };
/* End PBXBuildFile section */

/* Begin PBXFileReference section */
		FFE1B86C1F200D35005633DD /* RainbowTabs.app */ = {isa = PBXFileReference; explicitFileType = wrapper.application; includeInIndex = 0; path = RainbowTabs.app; sourceTree = BUILT_PRODUCTS_DIR; };
		FFE1B86F1F200D35005633DD /* AppDelegate.swift */ = {isa = PBXFileReference; lastKnownFileType = sourcecode.swift; path = AppDelegate.swift; sourceTree = "<group>"; };
		FFE1B8711F200D35005633DD /* RedViewController.swift */ = {isa = PBXFileReference; lastKnownFileType = sourcecode.swift; path = RedViewController.swift; sourceTree = "<group>"; };
		FFE1B8741F200D35005633DD /* Base */ = {isa = PBXFileReference; lastKnownFileType = file.storyboard; name = Base; path = Base.lproj/Main.storyboard; sourceTree = "<group>"; };
		FFE1B8761F200D35005633DD /* Assets.xcassets */ = {isa = PBXFileReference; lastKnownFileType = folder.assetcatalog; path = Assets.xcassets; sourceTree = "<group>"; };
		FFE1B8791F200D35005633DD /* Base */ = {isa = PBXFileReference; lastKnownFileType = file.storyboard; name = Base; path = Base.lproj/LaunchScreen.storyboard; sourceTree = "<group>"; };
		FFE1B87B1F200D35005633DD /* Info.plist */ = {isa = PBXFileReference; lastKnownFileType = text.plist.xml; path = Info.plist; sourceTree = "<group>"; };
		FFE1B8811F2025E4005633DD /* OrangeViewController.swift */ = {isa = PBXFileReference; lastKnownFileType = sourcecode.swift; path = OrangeViewController.swift; sourceTree = "<group>"; };
		FFE1B8831F2025F5005633DD /* YellowViewController.swift */ = {isa = PBXFileReference; lastKnownFileType = sourcecode.swift; path = YellowViewController.swift; sourceTree = "<group>"; };
		FFE1B8851F2025FB005633DD /* GreenViewController.swift */ = {isa = PBXFileReference; lastKnownFileType = sourcecode.swift; path = GreenViewController.swift; sourceTree = "<group>"; };
		FFE1B8871F202602005633DD /* BlueViewController.swift */ = {isa = PBXFileReference; lastKnownFileType = sourcecode.swift; path = BlueViewController.swift; sourceTree = "<group>"; };
/* End PBXFileReference section */

/* Begin PBXFrameworksBuildPhase section */
		FFE1B8691F200D35005633DD /* Frameworks */ = {
			isa = PBXFrameworksBuildPhase;
			buildActionMask = 2147483647;
			files = (
			);
			runOnlyForDeploymentPostprocessing = 0;
		};
/* End PBXFrameworksBuildPhase section */

/* Begin PBXGroup section */
		FFE1B8631F200D35005633DD = {
			isa = PBXGroup;
			children = (
				FFE1B86E1F200D35005633DD /* RainbowTabs */,
				FFE1B86D1F200D35005633DD /* Products */,
			);
			sourceTree = "<group>";
		};
		FFE1B86D1F200D35005633DD /* Products */ = {
			isa = PBXGroup;
			children = (
				FFE1B86C1F200D35005633DD /* RainbowTabs.app */,
			);
			name = Products;
			sourceTree = "<group>";
		};
		FFE1B86E1F200D35005633DD /* RainbowTabs */ = {
			isa = PBXGroup;
			children = (
				FFE1B86F1F200D35005633DD /* AppDelegate.swift */,
				FFE1B8711F200D35005633DD /* RedViewController.swift */,
				FFE1B8731F200D35005633DD /* Main.storyboard */,
				FFE1B8811F2025E4005633DD /* OrangeViewController.swift */,
				FFE1B8831F2025F5005633DD /* YellowViewController.swift */,
				FFE1B8851F2025FB005633DD /* GreenViewController.swift */,
				FFE1B8871F202602005633DD /* BlueViewController.swift */,
				FFE1B8761F200D35005633DD /* Assets.xcassets */,
				FFE1B8781F200D35005633DD /* LaunchScreen.storyboard */,
				FFE1B87B1F200D35005633DD /* Info.plist */,
			);
			path = RainbowTabs;
			sourceTree = "<group>";
		};
/* End PBXGroup section */

/* Begin PBXNativeTarget section */
		FFE1B86B1F200D35005633DD /* RainbowTabs */ = {
			isa = PBXNativeTarget;
			buildConfigurationList = FFE1B87E1F200D35005633DD /* Build configuration list for PBXNativeTarget "RainbowTabs" */;
			buildPhases = (
				FFE1B8681F200D35005633DD /* Sources */,
				FFE1B8691F200D35005633DD /* Frameworks */,
				FFE1B86A1F200D35005633DD /* Resources */,
			);
			buildRules = (
			);
			dependencies = (
			);
			name = RainbowTabs;
			productName = RainbowTabs;
			productReference = FFE1B86C1F200D35005633DD /* RainbowTabs.app */;
			productType = "com.apple.product-type.application";
		};
/* End PBXNativeTarget section */

/* Begin PBXProject section */
		FFE1B8641F200D35005633DD /* Project object */ = {
			isa = PBXProject;
			attributes = {
				LastSwiftUpdateCheck = 0900;
				LastUpgradeCheck = 0900;
				ORGANIZATIONNAME = "Josh Boles";
				TargetAttributes = {
					FFE1B86B1F200D35005633DD = {
						CreatedOnToolsVersion = 9.0;
					};
				};
			};
			buildConfigurationList = FFE1B8671F200D35005633DD /* Build configuration list for PBXProject "RainbowTabs" */;
			compatibilityVersion = "Xcode 8.0";
			developmentRegion = en;
			hasScannedForEncodings = 0;
			knownRegions = (
				en,
				Base,
			);
			mainGroup = FFE1B8631F200D35005633DD;
			productRefGroup = FFE1B86D1F200D35005633DD /* Products */;
			projectDirPath = "";
			projectRoot = "";
			targets = (
				FFE1B86B1F200D35005633DD /* RainbowTabs */,
			);
		};
/* End PBXProject section */

/* Begin PBXResourcesBuildPhase section */
		FFE1B86A1F200D35005633DD /* Resources */ = {
			isa = PBXResourcesBuildPhase;
			buildActionMask = 2147483647;
			files = (
				FFE1B87A1F200D35005633DD /* LaunchScreen.storyboard in Resources */,
				FFE1B8771F200D35005633DD /* Assets.xcassets in Resources */,
				FFE1B8751F200D35005633DD /* Main.storyboard in Resources */,
			);
			runOnlyForDeploymentPostprocessing = 0;
		};
/* End PBXResourcesBuildPhase section */

/* Begin PBXSourcesBuildPhase section */
		FFE1B8681F200D35005633DD /* Sources */ = {
			isa = PBXSourcesBuildPhase;
			buildActionMask = 2147483647;
			files = (
				FFE1B8841F2025F5005633DD /* YellowViewController.swift in Sources */,
				FFE1B8721F200D35005633DD /* RedViewController.swift in Sources */,
				FFE1B8701F200D35005633DD /* AppDelegate.swift in Sources */,
				FFE1B8821F2025E4005633DD /* OrangeViewController.swift in Sources */,
				FFE1B8881F202602005633DD /* BlueViewController.swift in Sources */,
				FFE1B8861F2025FB005633DD /* GreenViewController.swift in Sources */,
			);
			runOnlyForDeploymentPostprocessing = 0;
		};
/* End PBXSourcesBuildPhase section */

/* Begin PBXVariantGroup section */
		FFE1B8731F200D35005633DD /* Main.storyboard */ = {
			isa = PBXVariantGroup;
			children = (
				FFE1B8741F200D35005633DD /* Base */,
			);
			name = Main.storyboard;
			sourceTree = "<group>";
		};
		FFE1B8781F200D35005633DD /* LaunchScreen.storyboard */ = {
			isa = PBXVariantGroup;
			children = (
				FFE1B8791F200D35005633DD /* Base */,
			);
			name = LaunchScreen.storyboard;
			sourceTree = "<group>";
		};
/* End PBXVariantGroup section */

/* Begin XCBuildConfiguration section */
		FFE1B87C1F200D35005633DD /* Debug */ = {
			isa = XCBuildConfiguration;
			buildSettings = {
				ALWAYS_SEARCH_USER_PATHS = NO;
				CLANG_ANALYZER_NONNULL = YES;
				CLANG_ANALYZER_NUMBER_OBJECT_CONVERSION = YES_AGGRESSIVE;
				CLANG_CXX_LANGUAGE_STANDARD = "gnu++14";
				CLANG_CXX_LIBRARY = "libc++";
				CLANG_ENABLE_MODULES = YES;
				CLANG_ENABLE_OBJC_ARC = YES;
				CLANG_WARN_BLOCK_CAPTURE_AUTORELEASING = YES;
				CLANG_WARN_BOOL_CONVERSION = YES;
				CLANG_WARN_COMMA = YES;
				CLANG_WARN_CONSTANT_CONVERSION = YES;
				CLANG_WARN_DIRECT_OBJC_ISA_USAGE = YES_ERROR;
				CLANG_WARN_DOCUMENTATION_COMMENTS = YES;
				CLANG_WARN_EMPTY_BODY = YES;
				CLANG_WARN_ENUM_CONVERSION = YES;
				CLANG_WARN_INFINITE_RECURSION = YES;
				CLANG_WARN_INT_CONVERSION = YES;
				CLANG_WARN_OBJC_ROOT_CLASS = YES_ERROR;
				CLANG_WARN_RANGE_LOOP_ANALYSIS = YES;
				CLANG_WARN_STRICT_PROTOTYPES = YES;
				CLANG_WARN_SUSPICIOUS_MOVE = YES;
				CLANG_WARN_UNGUARDED_AVAILABILITY = YES_AGGRESSIVE;
				CLANG_WARN_UNREACHABLE_CODE = YES;
				CLANG_WARN__DUPLICATE_METHOD_MATCH = YES;
				CODE_SIGN_IDENTITY = "iPhone Developer";
				COPY_PHASE_STRIP = NO;
				DEBUG_INFORMATION_FORMAT = dwarf;
				ENABLE_STRICT_OBJC_MSGSEND = YES;
				ENABLE_TESTABILITY = YES;
				GCC_C_LANGUAGE_STANDARD = gnu11;
				GCC_DYNAMIC_NO_PIC = NO;
				GCC_NO_COMMON_BLOCKS = YES;
				GCC_OPTIMIZATION_LEVEL = 0;
				GCC_PREPROCESSOR_DEFINITIONS = (
					"DEBUG=1",
					"$(inherited)",
				);
				GCC_WARN_64_TO_32_BIT_CONVERSION = YES;
				GCC_WARN_ABOUT_RETURN_TYPE = YES_ERROR;
				GCC_WARN_UNDECLARED_SELECTOR = YES;
				GCC_WARN_UNINITIALIZED_AUTOS = YES_AGGRESSIVE;
				GCC_WARN_UNUSED_FUNCTION = YES;
				GCC_WARN_UNUSED_VARIABLE = YES;
				IPHONEOS_DEPLOYMENT_TARGET = 11.0;
				MTL_ENABLE_DEBUG_INFO = YES;
				ONLY_ACTIVE_ARCH = YES;
				SDKROOT = iphoneos;
				SWIFT_ACTIVE_COMPILATION_CONDITIONS = DEBUG;
				SWIFT_OPTIMIZATION_LEVEL = "-Onone";
			};
			name = Debug;
		};
		FFE1B87D1F200D35005633DD /* Release */ = {
			isa = XCBuildConfiguration;
			buildSettings = {
				ALWAYS_SEARCH_USER_PATHS = NO;
				CLANG_ANALYZER_NONNULL = YES;
				CLANG_ANALYZER_NUMBER_OBJECT_CONVERSION = YES_AGGRESSIVE;
				CLANG_CXX_LANGUAGE_STANDARD = "gnu++14";
				CLANG_CXX_LIBRARY = "libc++";
				CLANG_ENABLE_MODULES = YES;
				CLANG_ENABLE_OBJC_ARC = YES;
				CLANG_WARN_BLOCK_CAPTURE_AUTORELEASING = YES;
				CLANG_WARN_BOOL_CONVERSION = YES;
				CLANG_WARN_COMMA = YES;
				CLANG_WARN_CONSTANT_CONVERSION = YES;
				CLANG_WARN_DIRECT_OBJC_ISA_USAGE = YES_ERROR;
				CLANG_WARN_DOCUMENTATION_COMMENTS = YES;
				CLANG_WARN_EMPTY_BODY = YES;
				CLANG_WARN_ENUM_CONVERSION = YES;
				CLANG_WARN_INFINITE_RECURSION = YES;
				CLANG_WARN_INT_CONVERSION = YES;
				CLANG_WARN_OBJC_ROOT_CLASS = YES_ERROR;
				CLANG_WARN_RANGE_LOOP_ANALYSIS = YES;
				CLANG_WARN_STRICT_PROTOTYPES = YES;
				CLANG_WARN_SUSPICIOUS_MOVE = YES;
				CLANG_WARN_UNGUARDED_AVAILABILITY = YES_AGGRESSIVE;
				CLANG_WARN_UNREACHABLE_CODE = YES;
				CLANG_WARN__DUPLICATE_METHOD_MATCH = YES;
				CODE_SIGN_IDENTITY = "iPhone Developer";
				COPY_PHASE_STRIP = NO;
				DEBUG_INFORMATION_FORMAT = "dwarf-with-dsym";
				ENABLE_NS_ASSERTIONS = NO;
				ENABLE_STRICT_OBJC_MSGSEND = YES;
				GCC_C_LANGUAGE_STANDARD = gnu11;
				GCC_NO_COMMON_BLOCKS = YES;
				GCC_WARN_64_TO_32_BIT_CONVERSION = YES;
				GCC_WARN_ABOUT_RETURN_TYPE = YES_ERROR;
				GCC_WARN_UNDECLARED_SELECTOR = YES;
				GCC_WARN_UNINITIALIZED_AUTOS = YES_AGGRESSIVE;
				GCC_WARN_UNUSED_FUNCTION = YES;
				GCC_WARN_UNUSED_VARIABLE = YES;
				IPHONEOS_DEPLOYMENT_TARGET = 11.0;
				MTL_ENABLE_DEBUG_INFO = NO;
				SDKROOT = iphoneos;
				SWIFT_OPTIMIZATION_LEVEL = "-Owholemodule";
				VALIDATE_PRODUCT = YES;
			};
			name = Release;
		};
		FFE1B87F1F200D35005633DD /* Debug */ = {
			isa = XCBuildConfiguration;
			buildSettings = {
				ASSETCATALOG_COMPILER_APPICON_NAME = AppIcon;
				DEVELOPMENT_TEAM = RV8N6X6U69;
				INFOPLIST_FILE = RainbowTabs/Info.plist;
				LD_RUNPATH_SEARCH_PATHS = "$(inherited) @executable_path/Frameworks";
				PRODUCT_BUNDLE_IDENTIFIER = com.joshboles.RainbowTabs;
				PRODUCT_NAME = "$(TARGET_NAME)";
				SWIFT_VERSION = 4.0;
				TARGETED_DEVICE_FAMILY = "1,2";
			};
			name = Debug;
		};
		FFE1B8801F200D35005633DD /* Release */ = {
			isa = XCBuildConfiguration;
			buildSettings = {
				ASSETCATALOG_COMPILER_APPICON_NAME = AppIcon;
				DEVELOPMENT_TEAM = RV8N6X6U69;
				INFOPLIST_FILE = RainbowTabs/Info.plist;
				LD_RUNPATH_SEARCH_PATHS = "$(inherited) @executable_path/Frameworks";
				PRODUCT_BUNDLE_IDENTIFIER = com.joshboles.RainbowTabs;
				PRODUCT_NAME = "$(TARGET_NAME)";
				SWIFT_VERSION = 4.0;
				TARGETED_DEVICE_FAMILY = "1,2";
			};
			name = Release;
		};
/* End XCBuildConfiguration section */

/* Begin XCConfigurationList section */
		FFE1B8671F200D35005633DD /* Build configuration list for PBXProject "RainbowTabs" */ = {
			isa = XCConfigurationList;
			buildConfigurations = (
				FFE1B87C1F200D35005633DD /* Debug */,
				FFE1B87D1F200D35005633DD /* Release */,
			);
			defaultConfigurationIsVisible = 0;
			defaultConfigurationName = Release;
		};
		FFE1B87E1F200D35005633DD /* Build configuration list for PBXNativeTarget "RainbowTabs" */ = {
			isa = XCConfigurationList;
			buildConfigurations = (
				FFE1B87F1F200D35005633DD /* Debug */,
				FFE1B8801F200D35005633DD /* Release */,
			);
			defaultConfigurationIsVisible = 0;
		};
/* End XCConfigurationList section */
	};
	rootObject = FFE1B8641F200D35005633DD /* Project object */;
}
